// !$*UTF8*$!
{
	archiveVersion = 1;
	classes = {
	};
	objectVersion = 50;
	objects = {

/* Begin PBXBuildFile section */
		BE2EE010270BC0C600A698C6 /* Array+Identifiable.swift in Sources */ = {isa = PBXBuildFile; fileRef = BE2EE00F270BC0C600A698C6 /* Array+Identifiable.swift */; };
		BE2EE012270BC0D500A698C6 /* Assets.xcassets in Resources */ = {isa = PBXBuildFile; fileRef = BE2EE011270BC0D500A698C6 /* Assets.xcassets */; };
		BE2EE014270BC0E700A698C6 /* Grid.swift in Sources */ = {isa = PBXBuildFile; fileRef = BE2EE013270BC0E700A698C6 /* Grid.swift */; };
		BE2EE016270BC0F300A698C6 /* GridLayout.swift in Sources */ = {isa = PBXBuildFile; fileRef = BE2EE015270BC0F300A698C6 /* GridLayout.swift */; };
		BE2EE01C270BC10500A698C6 /* SetGame.swift in Sources */ = {isa = PBXBuildFile; fileRef = BE2EE018270BC10500A698C6 /* SetGame.swift */; };
		BE2EE01D270BC10500A698C6 /* SetGameView.swift in Sources */ = {isa = PBXBuildFile; fileRef = BE2EE019270BC10500A698C6 /* SetGameView.swift */; };
		BE2EE01E270BC10500A698C6 /* VMSetGame.swift in Sources */ = {isa = PBXBuildFile; fileRef = BE2EE01A270BC10500A698C6 /* VMSetGame.swift */; };
		BE2F9F4A261F443500084385 /* AppDelegate.swift in Sources */ = {isa = PBXBuildFile; fileRef = BE2F9F49261F443500084385 /* AppDelegate.swift */; };
		BE2F9F4C261F443500084385 /* SceneDelegate.swift in Sources */ = {isa = PBXBuildFile; fileRef = BE2F9F4B261F443500084385 /* SceneDelegate.swift */; };
		BE2F9F50261F443600084385 /* Assets.xcassets in Resources */ = {isa = PBXBuildFile; fileRef = BE2F9F4F261F443600084385 /* Assets.xcassets */; };
		BE2F9F53261F443600084385 /* Preview Assets.xcassets in Resources */ = {isa = PBXBuildFile; fileRef = BE2F9F52261F443600084385 /* Preview Assets.xcassets */; };
		BE2F9F56261F443600084385 /* LaunchScreen.storyboard in Resources */ = {isa = PBXBuildFile; fileRef = BE2F9F54261F443600084385 /* LaunchScreen.storyboard */; };
/* End PBXBuildFile section */

/* Begin PBXFileReference section */
		BE2EE00F270BC0C600A698C6 /* Array+Identifiable.swift */ = {isa = PBXFileReference; fileEncoding = 4; lastKnownFileType = sourcecode.swift; path = "Array+Identifiable.swift"; sourceTree = "<group>"; };
		BE2EE011270BC0D500A698C6 /* Assets.xcassets */ = {isa = PBXFileReference; lastKnownFileType = folder.assetcatalog; path = Assets.xcassets; sourceTree = "<group>"; };
		BE2EE013270BC0E700A698C6 /* Grid.swift */ = {isa = PBXFileReference; fileEncoding = 4; lastKnownFileType = sourcecode.swift; path = Grid.swift; sourceTree = "<group>"; };
		BE2EE015270BC0F300A698C6 /* GridLayout.swift */ = {isa = PBXFileReference; fileEncoding = 4; lastKnownFileType = sourcecode.swift; path = GridLayout.swift; sourceTree = "<group>"; };
		BE2EE018270BC10500A698C6 /* SetGame.swift */ = {isa = PBXFileReference; fileEncoding = 4; lastKnownFileType = sourcecode.swift; path = SetGame.swift; sourceTree = "<group>"; };
		BE2EE019270BC10500A698C6 /* SetGameView.swift */ = {isa = PBXFileReference; fileEncoding = 4; lastKnownFileType = sourcecode.swift; path = SetGameView.swift; sourceTree = "<group>"; };
		BE2EE01A270BC10500A698C6 /* VMSetGame.swift */ = {isa = PBXFileReference; fileEncoding = 4; lastKnownFileType = sourcecode.swift; path = VMSetGame.swift; sourceTree = "<group>"; };
		BE2F9F46261F443500084385 /* SetGame.app */ = {isa = PBXFileReference; explicitFileType = wrapper.application; includeInIndex = 0; path = SetGame.app; sourceTree = BUILT_PRODUCTS_DIR; };
		BE2F9F49261F443500084385 /* AppDelegate.swift */ = {isa = PBXFileReference; lastKnownFileType = sourcecode.swift; path = AppDelegate.swift; sourceTree = "<group>"; };
		BE2F9F4B261F443500084385 /* SceneDelegate.swift */ = {isa = PBXFileReference; lastKnownFileType = sourcecode.swift; path = SceneDelegate.swift; sourceTree = "<group>"; };
		BE2F9F4F261F443600084385 /* Assets.xcassets */ = {isa = PBXFileReference; lastKnownFileType = folder.assetcatalog; path = Assets.xcassets; sourceTree = "<group>"; };
		BE2F9F52261F443600084385 /* Preview Assets.xcassets */ = {isa = PBXFileReference; lastKnownFileType = folder.assetcatalog; path = "Preview Assets.xcassets"; sourceTree = "<group>"; };
		BE2F9F55261F443600084385 /* Base */ = {isa = PBXFileReference; lastKnownFileType = file.storyboard; name = Base; path = Base.lproj/LaunchScreen.storyboard; sourceTree = "<group>"; };
		BE2F9F57261F443600084385 /* Info.plist */ = {isa = PBXFileReference; lastKnownFileType = text.plist.xml; path = Info.plist; sourceTree = "<group>"; };
/* End PBXFileReference section */

/* Begin PBXFrameworksBuildPhase section */
		BE2F9F43261F443500084385 /* Frameworks */ = {
			isa = PBXFrameworksBuildPhase;
			buildActionMask = 2147483647;
			files = (
			);
			runOnlyForDeploymentPostprocessing = 0;
		};
/* End PBXFrameworksBuildPhase section */

/* Begin PBXGroup section */
		BE2F9F3D261F443500084385 = {
			isa = PBXGroup;
			children = (
				BE2F9F48261F443500084385 /* SetGame */,
				BE2F9F47261F443500084385 /* Products */,
			);
			sourceTree = "<group>";
		};
		BE2F9F47261F443500084385 /* Products */ = {
			isa = PBXGroup;
			children = (
				BE2F9F46261F443500084385 /* SetGame.app */,
			);
			name = Products;
			sourceTree = "<group>";
		};
		BE2F9F48261F443500084385 /* SetGame */ = {
			isa = PBXGroup;
			children = (
				BE2EE018270BC10500A698C6 /* SetGame.swift */,
				BE2EE019270BC10500A698C6 /* SetGameView.swift */,
				BE2EE01A270BC10500A698C6 /* VMSetGame.swift */,
				BE2EE015270BC0F300A698C6 /* GridLayout.swift */,
				BE2EE013270BC0E700A698C6 /* Grid.swift */,
				BE2EE011270BC0D500A698C6 /* Assets.xcassets */,
				BE2F9F49261F443500084385 /* AppDelegate.swift */,
				BE2EE00F270BC0C600A698C6 /* Array+Identifiable.swift */,
				BE2F9F4B261F443500084385 /* SceneDelegate.swift */,
				BE2F9F4F261F443600084385 /* Assets.xcassets */,
				BE2F9F54261F443600084385 /* LaunchScreen.storyboard */,
				BE2F9F57261F443600084385 /* Info.plist */,
				BE2F9F51261F443600084385 /* Preview Content */,
			);
			path = SetGame;
			sourceTree = "<group>";
		};
		BE2F9F51261F443600084385 /* Preview Content */ = {
			isa = PBXGroup;
			children = (
				BE2F9F52261F443600084385 /* Preview Assets.xcassets */,
			);
			path = "Preview Content";
			sourceTree = "<group>";
		};
/* End PBXGroup section */

/* Begin PBXNativeTarget section */
		BE2F9F45261F443500084385 /* SetGame */ = {
			isa = PBXNativeTarget;
			buildConfigurationList = BE2F9F5A261F443600084385 /* Build configuration list for PBXNativeTarget "SetGame" */;
			buildPhases = (
				BE2F9F42261F443500084385 /* Sources */,
				BE2F9F43261F443500084385 /* Frameworks */,
				BE2F9F44261F443500084385 /* Resources */,
			);
			buildRules = (
			);
			dependencies = (
			);
			name = SetGame;
			productName = SetGame;
			productReference = BE2F9F46261F443500084385 /* SetGame.app */;
			productType = "com.apple.product-type.application";
		};
/* End PBXNativeTarget section */

/* Begin PBXProject section */
		BE2F9F3E261F443500084385 /* Project object */ = {
			isa = PBXProject;
			attributes = {
				LastSwiftUpdateCheck = 1240;
				LastUpgradeCheck = 1240;
				TargetAttributes = {
					BE2F9F45261F443500084385 = {
						CreatedOnToolsVersion = 12.4;
					};
				};
			};
			buildConfigurationList = BE2F9F41261F443500084385 /* Build configuration list for PBXProject "SetGame" */;
			compatibilityVersion = "Xcode 9.3";
			developmentRegion = en;
			hasScannedForEncodings = 0;
			knownRegions = (
				en,
				Base,
			);
			mainGroup = BE2F9F3D261F443500084385;
			productRefGroup = BE2F9F47261F443500084385 /* Products */;
			projectDirPath = "";
			projectRoot = "";
			targets = (
				BE2F9F45261F443500084385 /* SetGame */,
			);
		};
/* End PBXProject section */

/* Begin PBXResourcesBuildPhase section */
		BE2F9F44261F443500084385 /* Resources */ = {
			isa = PBXResourcesBuildPhase;
			buildActionMask = 2147483647;
			files = (
				BE2F9F56261F443600084385 /* LaunchScreen.storyboard in Resources */,
				BE2F9F53261F443600084385 /* Preview Assets.xcassets in Resources */,
				BE2EE012270BC0D500A698C6 /* Assets.xcassets in Resources */,
				BE2F9F50261F443600084385 /* Assets.xcassets in Resources */,
			);
			runOnlyForDeploymentPostprocessing = 0;
		};
/* End PBXResourcesBuildPhase section */

/* Begin PBXSourcesBuildPhase section */
		BE2F9F42261F443500084385 /* Sources */ = {
			isa = PBXSourcesBuildPhase;
			buildActionMask = 2147483647;
			files = (
				BE2EE010270BC0C600A698C6 /* Array+Identifiable.swift in Sources */,
				BE2EE01C270BC10500A698C6 /* SetGame.swift in Sources */,
				BE2EE01E270BC10500A698C6 /* VMSetGame.swift in Sources */,
				BE2F9F4A261F443500084385 /* AppDelegate.swift in Sources */,
				BE2F9F4C261F443500084385 /* SceneDelegate.swift in Sources */,
				BE2EE016270BC0F300A698C6 /* GridLayout.swift in Sources */,
				BE2EE014270BC0E700A698C6 /* Grid.swift in Sources */,
				BE2EE01D270BC10500A698C6 /* SetGameView.swift in Sources */,
			);
			runOnlyForDeploymentPostprocessing = 0;
		};
/* End PBXSourcesBuildPhase section */

/* Begin PBXVariantGroup section */
		BE2F9F54261F443600084385 /* LaunchScreen.storyboard */ = {
			isa = PBXVariantGroup;
			children = (
				BE2F9F55261F443600084385 /* Base */,
			);
			name = LaunchScreen.storyboard;
			sourceTree = "<group>";
		};
/* End PBXVariantGroup section */

/* Begin XCBuildConfiguration section */
		BE2F9F58261F443600084385 /* Debug */ = {
			isa = XCBuildConfiguration;
			buildSettings = {
				ALWAYS_SEARCH_USER_PATHS = NO;
				CLANG_ANALYZER_NONNULL = YES;
				CLANG_ANALYZER_NUMBER_OBJECT_CONVERSION = YES_AGGRESSIVE;
				CLANG_CXX_LANGUAGE_STANDARD = "gnu++14";
				CLANG_CXX_LIBRARY = "libc++";
				CLANG_ENABLE_MODULES = YES;
				CLANG_ENABLE_OBJC_ARC = YES;
				CLANG_ENABLE_OBJC_WEAK = YES;
				CLANG_WARN_BLOCK_CAPTURE_AUTORELEASING = YES;
				CLANG_WARN_BOOL_CONVERSION = YES;
				CLANG_WARN_COMMA = YES;
				CLANG_WARN_CONSTANT_CONVERSION = YES;
				CLANG_WARN_DEPRECATED_OBJC_IMPLEMENTATIONS = YES;
				CLANG_WARN_DIRECT_OBJC_ISA_USAGE = YES_ERROR;
				CLANG_WARN_DOCUMENTATION_COMMENTS = YES;
				CLANG_WARN_EMPTY_BODY = YES;
				CLANG_WARN_ENUM_CONVERSION = YES;
				CLANG_WARN_INFINITE_RECURSION = YES;
				CLANG_WARN_INT_CONVERSION = YES;
				CLANG_WARN_NON_LITERAL_NULL_CONVERSION = YES;
				CLANG_WARN_OBJC_IMPLICIT_RETAIN_SELF = YES;
				CLANG_WARN_OBJC_LITERAL_CONVERSION = YES;
				CLANG_WARN_OBJC_ROOT_CLASS = YES_ERROR;
				CLANG_WARN_QUOTED_INCLUDE_IN_FRAMEWORK_HEADER = YES;
				CLANG_WARN_RANGE_LOOP_ANALYSIS = YES;
				CLANG_WARN_STRICT_PROTOTYPES = YES;
				CLANG_WARN_SUSPICIOUS_MOVE = YES;
				CLANG_WARN_UNGUARDED_AVAILABILITY = YES_AGGRESSIVE;
				CLANG_WARN_UNREACHABLE_CODE = YES;
				CLANG_WARN__DUPLICATE_METHOD_MATCH = YES;
				COPY_PHASE_STRIP = NO;
				DEBUG_INFORMATION_FORMAT = dwarf;
				ENABLE_STRICT_OBJC_MSGSEND = YES;
				ENABLE_TESTABILITY = YES;
				GCC_C_LANGUAGE_STANDARD = gnu11;
				GCC_DYNAMIC_NO_PIC = NO;
				GCC_NO_COMMON_BLOCKS = YES;
				GCC_OPTIMIZATION_LEVEL = 0;
				GCC_PREPROCESSOR_DEFINITIONS = (
					"DEBUG=1",
					"$(inherited)",
				);
				GCC_WARN_64_TO_32_BIT_CONVERSION = YES;
				GCC_WARN_ABOUT_RETURN_TYPE = YES_ERROR;
				GCC_WARN_UNDECLARED_SELECTOR = YES;
				GCC_WARN_UNINITIALIZED_AUTOS = YES_AGGRESSIVE;
				GCC_WARN_UNUSED_FUNCTION = YES;
				GCC_WARN_UNUSED_VARIABLE = YES;
				IPHONEOS_DEPLOYMENT_TARGET = 14.4;
				MTL_ENABLE_DEBUG_INFO = INCLUDE_SOURCE;
				MTL_FAST_MATH = YES;
				ONLY_ACTIVE_ARCH = YES;
				SDKROOT = iphoneos;
				SWIFT_ACTIVE_COMPILATION_CONDITIONS = DEBUG;
				SWIFT_OPTIMIZATION_LEVEL = "-Onone";
			};
			name = Debug;
		};
		BE2F9F59261F443600084385 /* Release */ = {
			isa = XCBuildConfiguration;
			buildSettings = {
				ALWAYS_SEARCH_USER_PATHS = NO;
				CLANG_ANALYZER_NONNULL = YES;
				CLANG_ANALYZER_NUMBER_OBJECT_CONVERSION = YES_AGGRESSIVE;
				CLANG_CXX_LANGUAGE_STANDARD = "gnu++14";
				CLANG_CXX_LIBRARY = "libc++";
				CLANG_ENABLE_MODULES = YES;
				CLANG_ENABLE_OBJC_ARC = YES;
				CLANG_ENABLE_OBJC_WEAK = YES;
				CLANG_WARN_BLOCK_CAPTURE_AUTORELEASING = YES;
				CLANG_WARN_BOOL_CONVERSION = YES;
				CLANG_WARN_COMMA = YES;
				CLANG_WARN_CONSTANT_CONVERSION = YES;
				CLANG_WARN_DEPRECATED_OBJC_IMPLEMENTATIONS = YES;
				CLANG_WARN_DIRECT_OBJC_ISA_USAGE = YES_ERROR;
				CLANG_WARN_DOCUMENTATION_COMMENTS = YES;
				CLANG_WARN_EMPTY_BODY = YES;
				CLANG_WARN_ENUM_CONVERSION = YES;
				CLANG_WARN_INFINITE_RECURSION = YES;
				CLANG_WARN_INT_CONVERSION = YES;
				CLANG_WARN_NON_LITERAL_NULL_CONVERSION = YES;
				CLANG_WARN_OBJC_IMPLICIT_RETAIN_SELF = YES;
				CLANG_WARN_OBJC_LITERAL_CONVERSION = YES;
				CLANG_WARN_OBJC_ROOT_CLASS = YES_ERROR;
				CLANG_WARN_QUOTED_INCLUDE_IN_FRAMEWORK_HEADER = YES;
				CLANG_WARN_RANGE_LOOP_ANALYSIS = YES;
				CLANG_WARN_STRICT_PROTOTYPES = YES;
				CLANG_WARN_SUSPICIOUS_MOVE = YES;
				CLANG_WARN_UNGUARDED_AVAILABILITY = YES_AGGRESSIVE;
				CLANG_WARN_UNREACHABLE_CODE = YES;
				CLANG_WARN__DUPLICATE_METHOD_MATCH = YES;
				COPY_PHASE_STRIP = NO;
				DEBUG_INFORMATION_FORMAT = "dwarf-with-dsym";
				ENABLE_NS_ASSERTIONS = NO;
				ENABLE_STRICT_OBJC_MSGSEND = YES;
				GCC_C_LANGUAGE_STANDARD = gnu11;
				GCC_NO_COMMON_BLOCKS = YES;
				GCC_WARN_64_TO_32_BIT_CONVERSION = YES;
				GCC_WARN_ABOUT_RETURN_TYPE = YES_ERROR;
				GCC_WARN_UNDECLARED_SELECTOR = YES;
				GCC_WARN_UNINITIALIZED_AUTOS = YES_AGGRESSIVE;
				GCC_WARN_UNUSED_FUNCTION = YES;
				GCC_WARN_UNUSED_VARIABLE = YES;
				IPHONEOS_DEPLOYMENT_TARGET = 14.4;
				MTL_ENABLE_DEBUG_INFO = NO;
				MTL_FAST_MATH = YES;
				SDKROOT = iphoneos;
				SWIFT_COMPILATION_MODE = wholemodule;
				SWIFT_OPTIMIZATION_LEVEL = "-O";
				VALIDATE_PRODUCT = YES;
			};
			name = Release;
		};
		BE2F9F5B261F443600084385 /* Debug */ = {
			isa = XCBuildConfiguration;
			buildSettings = {
				ASSETCATALOG_COMPILER_APPICON_NAME = AppIcon;
				ASSETCATALOG_COMPILER_GLOBAL_ACCENT_COLOR_NAME = AccentColor;
				CODE_SIGN_STYLE = Automatic;
				DEVELOPMENT_ASSET_PATHS = "\"SetGame/Preview Content\"";
				DEVELOPMENT_TEAM = 6GSUJ93543;
				ENABLE_PREVIEWS = YES;
				INFOPLIST_FILE = SetGame/Info.plist;
				LD_RUNPATH_SEARCH_PATHS = (
					"$(inherited)",
					"@executable_path/Frameworks",
				);
				PRODUCT_BUNDLE_IDENTIFIER = brunovg.SetGame;
				PRODUCT_NAME = "$(TARGET_NAME)";
				SWIFT_VERSION = 5.0;
				TARGETED_DEVICE_FAMILY = "1,2";
			};
			name = Debug;
		};
		BE2F9F5C261F443600084385 /* Release */ = {
			isa = XCBuildConfiguration;
			buildSettings = {
				ASSETCATALOG_COMPILER_APPICON_NAME = AppIcon;
				ASSETCATALOG_COMPILER_GLOBAL_ACCENT_COLOR_NAME = AccentColor;
				CODE_SIGN_STYLE = Automatic;
				DEVELOPMENT_ASSET_PATHS = "\"SetGame/Preview Content\"";
				DEVELOPMENT_TEAM = 6GSUJ93543;
				ENABLE_PREVIEWS = YES;
				INFOPLIST_FILE = SetGame/Info.plist;
				LD_RUNPATH_SEARCH_PATHS = (
					"$(inherited)",
					"@executable_path/Frameworks",
				);
				PRODUCT_BUNDLE_IDENTIFIER = brunovg.SetGame;
				PRODUCT_NAME = "$(TARGET_NAME)";
				SWIFT_VERSION = 5.0;
				TARGETED_DEVICE_FAMILY = "1,2";
			};
			name = Release;
		};
/* End XCBuildConfiguration section */

/* Begin XCConfigurationList section */
		BE2F9F41261F443500084385 /* Build configuration list for PBXProject "SetGame" */ = {
			isa = XCConfigurationList;
			buildConfigurations = (
				BE2F9F58261F443600084385 /* Debug */,
				BE2F9F59261F443600084385 /* Release */,
			);
			defaultConfigurationIsVisible = 0;
			defaultConfigurationName = Release;
		};
		BE2F9F5A261F443600084385 /* Build configuration list for PBXNativeTarget "SetGame" */ = {
			isa = XCConfigurationList;
			buildConfigurations = (
				BE2F9F5B261F443600084385 /* Debug */,
				BE2F9F5C261F443600084385 /* Release */,
			);
			defaultConfigurationIsVisible = 0;
			defaultConfigurationName = Release;
		};
/* End XCConfigurationList section */
	};
	rootObject = BE2F9F3E261F443500084385 /* Project object */;
}

